// !$*UTF8*$!
{
	archiveVersion = 1;
	classes = {
	};
	objectVersion = 46;
	objects = {

/* Begin PBXBuildFile section */
		175CE0041B8C591E004CEAC0 /* AppDelegate.swift in Sources */ = {isa = PBXBuildFile; fileRef = 175CE0031B8C591E004CEAC0 /* AppDelegate.swift */; };
		175CE0061B8C591E004CEAC0 /* ViewController.swift in Sources */ = {isa = PBXBuildFile; fileRef = 175CE0051B8C591E004CEAC0 /* ViewController.swift */; };
		175CE0091B8C591E004CEAC0 /* Main.storyboard in Resources */ = {isa = PBXBuildFile; fileRef = 175CE0071B8C591E004CEAC0 /* Main.storyboard */; };
		175CE00B1B8C591E004CEAC0 /* Images.xcassets in Resources */ = {isa = PBXBuildFile; fileRef = 175CE00A1B8C591E004CEAC0 /* Images.xcassets */; };
		175CE00E1B8C591E004CEAC0 /* LaunchScreen.xib in Resources */ = {isa = PBXBuildFile; fileRef = 175CE00C1B8C591E004CEAC0 /* LaunchScreen.xib */; };
		175CE01A1B8C591F004CEAC0 /* MGParseDemoTests.swift in Sources */ = {isa = PBXBuildFile; fileRef = 175CE0191B8C591F004CEAC0 /* MGParseDemoTests.swift */; };
/* End PBXBuildFile section */

/* Begin PBXContainerItemProxy section */
		175CE0141B8C591F004CEAC0 /* PBXContainerItemProxy */ = {
			isa = PBXContainerItemProxy;
			containerPortal = 175CDFF61B8C591E004CEAC0 /* Project object */;
			proxyType = 1;
			remoteGlobalIDString = 175CDFFD1B8C591E004CEAC0;
			remoteInfo = MGParseDemo;
		};
/* End PBXContainerItemProxy section */

/* Begin PBXFileReference section */
		175CDFFE1B8C591E004CEAC0 /* MGParseDemo.app */ = {isa = PBXFileReference; explicitFileType = wrapper.application; includeInIndex = 0; path = MGParseDemo.app; sourceTree = BUILT_PRODUCTS_DIR; };
		175CE0021B8C591E004CEAC0 /* Info.plist */ = {isa = PBXFileReference; lastKnownFileType = text.plist.xml; path = Info.plist; sourceTree = "<group>"; };
		175CE0031B8C591E004CEAC0 /* AppDelegate.swift */ = {isa = PBXFileReference; lastKnownFileType = sourcecode.swift; path = AppDelegate.swift; sourceTree = "<group>"; };
		175CE0051B8C591E004CEAC0 /* ViewController.swift */ = {isa = PBXFileReference; lastKnownFileType = sourcecode.swift; path = ViewController.swift; sourceTree = "<group>"; };
		175CE0081B8C591E004CEAC0 /* Base */ = {isa = PBXFileReference; lastKnownFileType = file.storyboard; name = Base; path = Base.lproj/Main.storyboard; sourceTree = "<group>"; };
		175CE00A1B8C591E004CEAC0 /* Images.xcassets */ = {isa = PBXFileReference; lastKnownFileType = folder.assetcatalog; path = Images.xcassets; sourceTree = "<group>"; };
		175CE00D1B8C591E004CEAC0 /* Base */ = {isa = PBXFileReference; lastKnownFileType = file.xib; name = Base; path = Base.lproj/LaunchScreen.xib; sourceTree = "<group>"; };
		175CE0131B8C591F004CEAC0 /* MGParseDemoTests.xctest */ = {isa = PBXFileReference; explicitFileType = wrapper.cfbundle; includeInIndex = 0; path = MGParseDemoTests.xctest; sourceTree = BUILT_PRODUCTS_DIR; };
		175CE0181B8C591F004CEAC0 /* Info.plist */ = {isa = PBXFileReference; lastKnownFileType = text.plist.xml; path = Info.plist; sourceTree = "<group>"; };
		175CE0191B8C591F004CEAC0 /* MGParseDemoTests.swift */ = {isa = PBXFileReference; lastKnownFileType = sourcecode.swift; path = MGParseDemoTests.swift; sourceTree = "<group>"; };
/* End PBXFileReference section */

/* Begin PBXFrameworksBuildPhase section */
		175CDFFB1B8C591E004CEAC0 /* Frameworks */ = {
			isa = PBXFrameworksBuildPhase;
			buildActionMask = 2147483647;
			files = (
			);
			runOnlyForDeploymentPostprocessing = 0;
		};
		175CE0101B8C591F004CEAC0 /* Frameworks */ = {
			isa = PBXFrameworksBuildPhase;
			buildActionMask = 2147483647;
			files = (
			);
			runOnlyForDeploymentPostprocessing = 0;
		};
/* End PBXFrameworksBuildPhase section */

/* Begin PBXGroup section */
		175CDFF51B8C591E004CEAC0 = {
			isa = PBXGroup;
			children = (
				175CE0001B8C591E004CEAC0 /* MGParseDemo */,
				175CE0161B8C591F004CEAC0 /* MGParseDemoTests */,
				175CDFFF1B8C591E004CEAC0 /* Products */,
			);
			sourceTree = "<group>";
		};
		175CDFFF1B8C591E004CEAC0 /* Products */ = {
			isa = PBXGroup;
			children = (
				175CDFFE1B8C591E004CEAC0 /* MGParseDemo.app */,
				175CE0131B8C591F004CEAC0 /* MGParseDemoTests.xctest */,
			);
			name = Products;
			sourceTree = "<group>";
		};
		175CE0001B8C591E004CEAC0 /* MGParseDemo */ = {
			isa = PBXGroup;
			children = (
				175CE0031B8C591E004CEAC0 /* AppDelegate.swift */,
				175CE0051B8C591E004CEAC0 /* ViewController.swift */,
				175CE0071B8C591E004CEAC0 /* Main.storyboard */,
				175CE00A1B8C591E004CEAC0 /* Images.xcassets */,
				175CE00C1B8C591E004CEAC0 /* LaunchScreen.xib */,
				175CE0011B8C591E004CEAC0 /* Supporting Files */,
			);
			path = MGParseDemo;
			sourceTree = "<group>";
		};
		175CE0011B8C591E004CEAC0 /* Supporting Files */ = {
			isa = PBXGroup;
			children = (
				175CE0021B8C591E004CEAC0 /* Info.plist */,
			);
			name = "Supporting Files";
			sourceTree = "<group>";
		};
		175CE0161B8C591F004CEAC0 /* MGParseDemoTests */ = {
			isa = PBXGroup;
			children = (
				175CE0191B8C591F004CEAC0 /* MGParseDemoTests.swift */,
				175CE0171B8C591F004CEAC0 /* Supporting Files */,
			);
			path = MGParseDemoTests;
			sourceTree = "<group>";
		};
		175CE0171B8C591F004CEAC0 /* Supporting Files */ = {
			isa = PBXGroup;
			children = (
				175CE0181B8C591F004CEAC0 /* Info.plist */,
			);
			name = "Supporting Files";
			sourceTree = "<group>";
		};
/* End PBXGroup section */

/* Begin PBXNativeTarget section */
		175CDFFD1B8C591E004CEAC0 /* MGParseDemo */ = {
			isa = PBXNativeTarget;
			buildConfigurationList = 175CE01D1B8C591F004CEAC0 /* Build configuration list for PBXNativeTarget "MGParseDemo" */;
			buildPhases = (
				175CDFFA1B8C591E004CEAC0 /* Sources */,
				175CDFFB1B8C591E004CEAC0 /* Frameworks */,
				175CDFFC1B8C591E004CEAC0 /* Resources */,
			);
			buildRules = (
			);
			dependencies = (
			);
			name = MGParseDemo;
			productName = MGParseDemo;
			productReference = 175CDFFE1B8C591E004CEAC0 /* MGParseDemo.app */;
			productType = "com.apple.product-type.application";
		};
		175CE0121B8C591F004CEAC0 /* MGParseDemoTests */ = {
			isa = PBXNativeTarget;
			buildConfigurationList = 175CE0201B8C591F004CEAC0 /* Build configuration list for PBXNativeTarget "MGParseDemoTests" */;
			buildPhases = (
				175CE00F1B8C591F004CEAC0 /* Sources */,
				175CE0101B8C591F004CEAC0 /* Frameworks */,
				175CE0111B8C591F004CEAC0 /* Resources */,
			);
			buildRules = (
			);
			dependencies = (
				175CE0151B8C591F004CEAC0 /* PBXTargetDependency */,
			);
			name = MGParseDemoTests;
			productName = MGParseDemoTests;
			productReference = 175CE0131B8C591F004CEAC0 /* MGParseDemoTests.xctest */;
			productType = "com.apple.product-type.bundle.unit-test";
		};
/* End PBXNativeTarget section */

/* Begin PBXProject section */
		175CDFF61B8C591E004CEAC0 /* Project object */ = {
			isa = PBXProject;
			attributes = {
				LastUpgradeCheck = 0640;
				ORGANIZATIONNAME = "Tuan Truong";
				TargetAttributes = {
					175CDFFD1B8C591E004CEAC0 = {
						CreatedOnToolsVersion = 6.4;
					};
					175CE0121B8C591F004CEAC0 = {
						CreatedOnToolsVersion = 6.4;
						TestTargetID = 175CDFFD1B8C591E004CEAC0;
					};
				};
			};
			buildConfigurationList = 175CDFF91B8C591E004CEAC0 /* Build configuration list for PBXProject "MGParseDemo" */;
			compatibilityVersion = "Xcode 3.2";
			developmentRegion = English;
			hasScannedForEncodings = 0;
			knownRegions = (
				en,
				Base,
			);
			mainGroup = 175CDFF51B8C591E004CEAC0;
			productRefGroup = 175CDFFF1B8C591E004CEAC0 /* Products */;
			projectDirPath = "";
			projectRoot = "";
			targets = (
				175CDFFD1B8C591E004CEAC0 /* MGParseDemo */,
				175CE0121B8C591F004CEAC0 /* MGParseDemoTests */,
			);
		};
/* End PBXProject section */

/* Begin PBXResourcesBuildPhase section */
		175CDFFC1B8C591E004CEAC0 /* Resources */ = {
			isa = PBXResourcesBuildPhase;
			buildActionMask = 2147483647;
			files = (
				175CE0091B8C591E004CEAC0 /* Main.storyboard in Resources */,
				175CE00E1B8C591E004CEAC0 /* LaunchScreen.xib in Resources */,
				175CE00B1B8C591E004CEAC0 /* Images.xcassets in Resources */,
			);
			runOnlyForDeploymentPostprocessing = 0;
		};
		175CE0111B8C591F004CEAC0 /* Resources */ = {
			isa = PBXResourcesBuildPhase;
			buildActionMask = 2147483647;
			files = (
			);
			runOnlyForDeploymentPostprocessing = 0;
		};
/* End PBXResourcesBuildPhase section */

/* Begin PBXSourcesBuildPhase section */
		175CDFFA1B8C591E004CEAC0 /* Sources */ = {
			isa = PBXSourcesBuildPhase;
			buildActionMask = 2147483647;
			files = (
				175CE0061B8C591E004CEAC0 /* ViewController.swift in Sources */,
				175CE0041B8C591E004CEAC0 /* AppDelegate.swift in Sources */,
			);
			runOnlyForDeploymentPostprocessing = 0;
		};
		175CE00F1B8C591F004CEAC0 /* Sources */ = {
			isa = PBXSourcesBuildPhase;
			buildActionMask = 2147483647;
			files = (
				175CE01A1B8C591F004CEAC0 /* MGParseDemoTests.swift in Sources */,
			);
			runOnlyForDeploymentPostprocessing = 0;
		};
/* End PBXSourcesBuildPhase section */

/* Begin PBXTargetDependency section */
		175CE0151B8C591F004CEAC0 /* PBXTargetDependency */ = {
			isa = PBXTargetDependency;
			target = 175CDFFD1B8C591E004CEAC0 /* MGParseDemo */;
			targetProxy = 175CE0141B8C591F004CEAC0 /* PBXContainerItemProxy */;
		};
/* End PBXTargetDependency section */

/* Begin PBXVariantGroup section */
		175CE0071B8C591E004CEAC0 /* Main.storyboard */ = {
			isa = PBXVariantGroup;
			children = (
				175CE0081B8C591E004CEAC0 /* Base */,
			);
			name = Main.storyboard;
			sourceTree = "<group>";
		};
		175CE00C1B8C591E004CEAC0 /* LaunchScreen.xib */ = {
			isa = PBXVariantGroup;
			children = (
				175CE00D1B8C591E004CEAC0 /* Base */,
			);
			name = LaunchScreen.xib;
			sourceTree = "<group>";
		};
/* End PBXVariantGroup section */

/* Begin XCBuildConfiguration section */
		175CE01B1B8C591F004CEAC0 /* Debug */ = {
			isa = XCBuildConfiguration;
			buildSettings = {
				ALWAYS_SEARCH_USER_PATHS = NO;
				CLANG_CXX_LANGUAGE_STANDARD = "gnu++0x";
				CLANG_CXX_LIBRARY = "libc++";
				CLANG_ENABLE_MODULES = YES;
				CLANG_ENABLE_OBJC_ARC = YES;
				CLANG_WARN_BOOL_CONVERSION = YES;
				CLANG_WARN_CONSTANT_CONVERSION = YES;
				CLANG_WARN_DIRECT_OBJC_ISA_USAGE = YES_ERROR;
				CLANG_WARN_EMPTY_BODY = YES;
				CLANG_WARN_ENUM_CONVERSION = YES;
				CLANG_WARN_INT_CONVERSION = YES;
				CLANG_WARN_OBJC_ROOT_CLASS = YES_ERROR;
				CLANG_WARN_UNREACHABLE_CODE = YES;
				CLANG_WARN__DUPLICATE_METHOD_MATCH = YES;
				"CODE_SIGN_IDENTITY[sdk=iphoneos*]" = "iPhone Developer";
				COPY_PHASE_STRIP = NO;
				DEBUG_INFORMATION_FORMAT = "dwarf-with-dsym";
				ENABLE_STRICT_OBJC_MSGSEND = YES;
				GCC_C_LANGUAGE_STANDARD = gnu99;
				GCC_DYNAMIC_NO_PIC = NO;
				GCC_NO_COMMON_BLOCKS = YES;
				GCC_OPTIMIZATION_LEVEL = 0;
				GCC_PREPROCESSOR_DEFINITIONS = (
					"DEBUG=1",
					"$(inherited)",
				);
				GCC_SYMBOLS_PRIVATE_EXTERN = NO;
				GCC_WARN_64_TO_32_BIT_CONVERSION = YES;
				GCC_WARN_ABOUT_RETURN_TYPE = YES_ERROR;
				GCC_WARN_UNDECLARED_SELECTOR = YES;
				GCC_WARN_UNINITIALIZED_AUTOS = YES_AGGRESSIVE;
				GCC_WARN_UNUSED_FUNCTION = YES;
				GCC_WARN_UNUSED_VARIABLE = YES;
				IPHONEOS_DEPLOYMENT_TARGET = 8.4;
				MTL_ENABLE_DEBUG_INFO = YES;
				ONLY_ACTIVE_ARCH = YES;
				SDKROOT = iphoneos;
				SWIFT_OPTIMIZATION_LEVEL = "-Onone";
				TARGETED_DEVICE_FAMILY = "1,2";
			};
			name = Debug;
		};
		175CE01C1B8C591F004CEAC0 /* Release */ = {
			isa = XCBuildConfiguration;
			buildSettings = {
				ALWAYS_SEARCH_USER_PATHS = NO;
				CLANG_CXX_LANGUAGE_STANDARD = "gnu++0x";
				CLANG_CXX_LIBRARY = "libc++";
				CLANG_ENABLE_MODULES = YES;
				CLANG_ENABLE_OBJC_ARC = YES;
				CLANG_WARN_BOOL_CONVERSION = YES;
				CLANG_WARN_CONSTANT_CONVERSION = YES;
				CLANG_WARN_DIRECT_OBJC_ISA_USAGE = YES_ERROR;
				CLANG_WARN_EMPTY_BODY = YES;
				CLANG_WARN_ENUM_CONVERSION = YES;
				CLANG_WARN_INT_CONVERSION = YES;
				CLANG_WARN_OBJC_ROOT_CLASS = YES_ERROR;
				CLANG_WARN_UNREACHABLE_CODE = YES;
				CLANG_WARN__DUPLICATE_METHOD_MATCH = YES;
				"CODE_SIGN_IDENTITY[sdk=iphoneos*]" = "iPhone Developer";
				COPY_PHASE_STRIP = NO;
				DEBUG_INFORMATION_FORMAT = "dwarf-with-dsym";
				ENABLE_NS_ASSERTIONS = NO;
				ENABLE_STRICT_OBJC_MSGSEND = YES;
				GCC_C_LANGUAGE_STANDARD = gnu99;
				GCC_NO_COMMON_BLOCKS = YES;
				GCC_WARN_64_TO_32_BIT_CONVERSION = YES;
				GCC_WARN_ABOUT_RETURN_TYPE = YES_ERROR;
				GCC_WARN_UNDECLARED_SELECTOR = YES;
				GCC_WARN_UNINITIALIZED_AUTOS = YES_AGGRESSIVE;
				GCC_WARN_UNUSED_FUNCTION = YES;
				GCC_WARN_UNUSED_VARIABLE = YES;
				IPHONEOS_DEPLOYMENT_TARGET = 8.4;
				MTL_ENABLE_DEBUG_INFO = NO;
				SDKROOT = iphoneos;
				TARGETED_DEVICE_FAMILY = "1,2";
				VALIDATE_PRODUCT = YES;
			};
			name = Release;
		};
		175CE01E1B8C591F004CEAC0 /* Debug */ = {
			isa = XCBuildConfiguration;
			buildSettings = {
				ASSETCATALOG_COMPILER_APPICON_NAME = AppIcon;
				INFOPLIST_FILE = MGParseDemo/Info.plist;
				LD_RUNPATH_SEARCH_PATHS = "$(inherited) @executable_path/Frameworks";
				PRODUCT_NAME = "$(TARGET_NAME)";
			};
			name = Debug;
		};
		175CE01F1B8C591F004CEAC0 /* Release */ = {
			isa = XCBuildConfiguration;
			buildSettings = {
				ASSETCATALOG_COMPILER_APPICON_NAME = AppIcon;
				INFOPLIST_FILE = MGParseDemo/Info.plist;
				LD_RUNPATH_SEARCH_PATHS = "$(inherited) @executable_path/Frameworks";
				PRODUCT_NAME = "$(TARGET_NAME)";
			};
			name = Release;
		};
		175CE0211B8C591F004CEAC0 /* Debug */ = {
			isa = XCBuildConfiguration;
			buildSettings = {
				BUNDLE_LOADER = "$(TEST_HOST)";
				FRAMEWORK_SEARCH_PATHS = (
					"$(SDKROOT)/Developer/Library/Frameworks",
					"$(inherited)",
				);
				GCC_PREPROCESSOR_DEFINITIONS = (
					"DEBUG=1",
					"$(inherited)",
				);
				INFOPLIST_FILE = MGParseDemoTests/Info.plist;
				LD_RUNPATH_SEARCH_PATHS = "$(inherited) @executable_path/Frameworks @loader_path/Frameworks";
				PRODUCT_NAME = "$(TARGET_NAME)";
				TEST_HOST = "$(BUILT_PRODUCTS_DIR)/MGParseDemo.app/MGParseDemo";
			};
			name = Debug;
		};
		175CE0221B8C591F004CEAC0 /* Release */ = {
			isa = XCBuildConfiguration;
			buildSettings = {
				BUNDLE_LOADER = "$(TEST_HOST)";
				FRAMEWORK_SEARCH_PATHS = (
					"$(SDKROOT)/Developer/Library/Frameworks",
					"$(inherited)",
				);
				INFOPLIST_FILE = MGParseDemoTests/Info.plist;
				LD_RUNPATH_SEARCH_PATHS = "$(inherited) @executable_path/Frameworks @loader_path/Frameworks";
				PRODUCT_NAME = "$(TARGET_NAME)";
				TEST_HOST = "$(BUILT_PRODUCTS_DIR)/MGParseDemo.app/MGParseDemo";
			};
			name = Release;
		};
/* End XCBuildConfiguration section */

/* Begin XCConfigurationList section */
		175CDFF91B8C591E004CEAC0 /* Build configuration list for PBXProject "MGParseDemo" */ = {
			isa = XCConfigurationList;
			buildConfigurations = (
				175CE01B1B8C591F004CEAC0 /* Debug */,
				175CE01C1B8C591F004CEAC0 /* Release */,
			);
			defaultConfigurationIsVisible = 0;
			defaultConfigurationName = Release;
		};
		175CE01D1B8C591F004CEAC0 /* Build configuration list for PBXNativeTarget "MGParseDemo" */ = {
			isa = XCConfigurationList;
			buildConfigurations = (
				175CE01E1B8C591F004CEAC0 /* Debug */,
				175CE01F1B8C591F004CEAC0 /* Release */,
			);
			defaultConfigurationIsVisible = 0;
		};
		175CE0201B8C591F004CEAC0 /* Build configuration list for PBXNativeTarget "MGParseDemoTests" */ = {
			isa = XCConfigurationList;
			buildConfigurations = (
				175CE0211B8C591F004CEAC0 /* Debug */,
				175CE0221B8C591F004CEAC0 /* Release */,
			);
			defaultConfigurationIsVisible = 0;
		};
/* End XCConfigurationList section */
	};
	rootObject = 175CDFF61B8C591E004CEAC0 /* Project object */;
}
